
Microsoft Visual Studio Solution File, Format Version 12.00
# Visual Studio 15
VisualStudioVersion = 15.0.27703.2042
MinimumVisualStudioVersion = 10.0.40219.1
Project("{FAE04EC0-301F-11D3-BF4B-00C04F79EFBC}") = "HomeWork23_05_19.WpfApp", "HomeWork23_05_19.WpfApp\HomeWork23_05_19.WpfApp.csproj", "{9DE6F7F3-20EB-4828-A179-35DF9CFC1EEC}"
EndProject
Global
	GlobalSection(SolutionConfigurationPlatforms) = preSolution
		Debug|Any CPU = Debug|Any CPU
		Release|Any CPU = Release|Any CPU
	EndGlobalSection
	GlobalSection(ProjectConfigurationPlatforms) = postSolution
		{9DE6F7F3-20EB-4828-A179-35DF9CFC1EEC}.Debug|Any CPU.ActiveCfg = Debug|Any CPU
		{9DE6F7F3-20EB-4828-A179-35DF9CFC1EEC}.Debug|Any CPU.Build.0 = Debug|Any CPU
		{9DE6F7F3-20EB-4828-A179-35DF9CFC1EEC}.Release|Any CPU.ActiveCfg = Release|Any CPU
		{9DE6F7F3-20EB-4828-A179-35DF9CFC1EEC}.Release|Any CPU.Build.0 = Release|Any CPU
	EndGlobalSection
	GlobalSection(SolutionProperties) = preSolution
		HideSolutionNode = FALSE
	EndGlobalSection
	GlobalSection(ExtensibilityGlobals) = postSolution
		SolutionGuid = {2027AF2F-2A2A-4BC3-8911-7D8990C16F15}
	EndGlobalSection
EndGlobal
